// !$*UTF8*$!
{
	archiveVersion = 1;
	classes = {
	};
	objectVersion = 77;
	objects = {

/* Begin PBXBuildFile section */
		59582F232FFFE70000E604F1 /* ChessKit in Frameworks */ = {isa = PBXBuildFile; productRef = 59582F212FFFE70000E604F1 /* ChessKit */; };
		59582F242FFFE70000E604F1 /* ChessProtocol in Frameworks */ = {isa = PBXBuildFile; productRef = 59582F222FFFE70000E604F1 /* ChessProtocol */; };
		59582F262FFFE70000E604F1 /* ChessOnline in Frameworks */ = {isa = PBXBuildFile; productRef = 59582F252FFFE70000E604F1 /* ChessOnline */; };
		59582F2A2FFFE70000E604F1 /* ChessKit in Frameworks */ = {isa = PBXBuildFile; productRef = 59582F272FFFE70000E604F1 /* ChessKit */; };
		59582F2B2FFFE70000E604F1 /* ChessProtocol in Frameworks */ = {isa = PBXBuildFile; productRef = 59582F282FFFE70000E604F1 /* ChessProtocol */; };
		59582F2C2FFFE70000E604F1 /* ChessOnline in Frameworks */ = {isa = PBXBuildFile; productRef = 59582F292FFFE70000E604F1 /* ChessOnline */; };
/* End PBXBuildFile section */

/* Begin PBXContainerItemProxy section */
		59582F012FFFE6D300E604F1 /* PBXContainerItemProxy */ = {
			isa = PBXContainerItemProxy;
			containerPortal = 59582EE92FFFE6D200E604F1 /* Project object */;
			proxyType = 1;
			remoteGlobalIDString = 59582EF02FFFE6D200E604F1;
			remoteInfo = "ios-chess-client";
		};
		59582F0B2FFFE6D300E604F1 /* PBXContainerItemProxy */ = {
			isa = PBXContainerItemProxy;
			containerPortal = 59582EE92FFFE6D200E604F1 /* Project object */;
			proxyType = 1;
			remoteGlobalIDString = 59582EF02FFFE6D200E604F1;
			remoteInfo = "ios-chess-client";
		};
/* End PBXContainerItemProxy section */

/* Begin PBXFileReference section */
		59582EF12FFFE6D200E604F1 /* ios-chess-client.app */ = {isa = PBXFileReference; explicitFileType = wrapper.application; includeInIndex = 0; path = "ios-chess-client.app"; sourceTree = BUILT_PRODUCTS_DIR; };
		59582F002FFFE6D300E604F1 /* ios-chess-clientTests.xctest */ = {isa = PBXFileReference; explicitFileType = wrapper.cfbundle; includeInIndex = 0; path = "ios-chess-clientTests.xctest"; sourceTree = BUILT_PRODUCTS_DIR; };
		59582F0A2FFFE6D300E604F1 /* ios-chess-clientUITests.xctest */ = {isa = PBXFileReference; explicitFileType = wrapper.cfbundle; includeInIndex = 0; path = "ios-chess-clientUITests.xctest"; sourceTree = BUILT_PRODUCTS_DIR; };
/* End PBXFileReference section */

/* Begin PBXFileSystemSynchronizedRootGroup section */
		59582EF32FFFE6D200E604F1 /* ios-chess-client */ = {
			isa = PBXFileSystemSynchronizedRootGroup;
			path = "ios-chess-client";
			sourceTree = "<group>";
		};
		59582F032FFFE6D300E604F1 /* ios-chess-clientTests */ = {
			isa = PBXFileSystemSynchronizedRootGroup;
			path = "ios-chess-clientTests";
			sourceTree = "<group>";
		};
		59582F0D2FFFE6D300E604F1 /* ios-chess-clientUITests */ = {
			isa = PBXFileSystemSynchronizedRootGroup;
			path = "ios-chess-clientUITests";
			sourceTree = "<group>";
		};
/* End PBXFileSystemSynchronizedRootGroup section */

/* Begin PBXFrameworksBuildPhase section */
		59582EEE2FFFE6D200E604F1 /* Frameworks */ = {
			isa = PBXFrameworksBuildPhase;
			buildActionMask = 2147483647;
			files = (
				59582F232FFFE70000E604F1 /* ChessKit in Frameworks */,
				59582F242FFFE70000E604F1 /* ChessProtocol in Frameworks */,
				59582F262FFFE70000E604F1 /* ChessOnline in Frameworks */,
			);
			runOnlyForDeploymentPostprocessing = 0;
		};
		59582EFD2FFFE6D300E604F1 /* Frameworks */ = {
			isa = PBXFrameworksBuildPhase;
			buildActionMask = 2147483647;
			files = (
			);
			runOnlyForDeploymentPostprocessing = 0;
		};
		59582F072FFFE6D300E604F1 /* Frameworks */ = {
			isa = PBXFrameworksBuildPhase;
			buildActionMask = 2147483647;
			files = (
				59582F2A2FFFE70000E604F1 /* ChessKit in Frameworks */,
				59582F2B2FFFE70000E604F1 /* ChessProtocol in Frameworks */,
				59582F2C2FFFE70000E604F1 /* ChessOnline in Frameworks */,
			);
			runOnlyForDeploymentPostprocessing = 0;
		};
/* End PBXFrameworksBuildPhase section */

/* Begin PBXGroup section */
		59582EE82FFFE6D200E604F1 = {
			isa = PBXGroup;
			children = (
				59582EF32FFFE6D200E604F1 /* ios-chess-client */,
				59582F032FFFE6D300E604F1 /* ios-chess-clientTests */,
				59582F0D2FFFE6D300E604F1 /* ios-chess-clientUITests */,
				59582EF22FFFE6D200E604F1 /* Products */,
			);
			sourceTree = "<group>";
		};
		59582EF22FFFE6D200E604F1 /* Products */ = {
			isa = PBXGroup;
			children = (
				59582EF12FFFE6D200E604F1 /* ios-chess-client.app */,
				59582F002FFFE6D300E604F1 /* ios-chess-clientTests.xctest */,
				59582F0A2FFFE6D300E604F1 /* ios-chess-clientUITests.xctest */,
			);
			name = Products;
			sourceTree = "<group>";
		};
/* End PBXGroup section */

/* Begin PBXNativeTarget section */
		59582EF02FFFE6D200E604F1 /* ios-chess-client */ = {
			isa = PBXNativeTarget;
			buildConfigurationList = 59582F142FFFE6D300E604F1 /* Build configuration list for PBXNativeTarget "ios-chess-client" */;
			buildPhases = (
				59582EED2FFFE6D200E604F1 /* Sources */,
				59582EEE2FFFE6D200E604F1 /* Frameworks */,
				59582EEF2FFFE6D200E604F1 /* Resources */,
			);
			buildRules = (
			);
			dependencies = (
			);
			fileSystemSynchronizedGroups = (
				59582EF32FFFE6D200E604F1 /* ios-chess-client */,
			);
			name = "ios-chess-client";
			packageProductDependencies = (
				59582F212FFFE70000E604F1 /* ChessKit */,
				59582F222FFFE70000E604F1 /* ChessProtocol */,
				59582F252FFFE70000E604F1 /* ChessOnline */,
			);
			productName = "ios-chess-client";
			productReference = 59582EF12FFFE6D200E604F1 /* ios-chess-client.app */;
			productType = "com.apple.product-type.application";
		};
		59582EFF2FFFE6D300E604F1 /* ios-chess-clientTests */ = {
			isa = PBXNativeTarget;
			buildConfigurationList = 59582F172FFFE6D300E604F1 /* Build configuration list for PBXNativeTarget "ios-chess-clientTests" */;
			buildPhases = (
				59582EFC2FFFE6D300E604F1 /* Sources */,
				59582EFD2FFFE6D300E604F1 /* Frameworks */,
				59582EFE2FFFE6D300E604F1 /* Resources */,
			);
			buildRules = (
			);
			dependencies = (
				59582F022FFFE6D300E604F1 /* PBXTargetDependency */,
			);
			fileSystemSynchronizedGroups = (
				59582F032FFFE6D300E604F1 /* ios-chess-clientTests */,
			);
			name = "ios-chess-clientTests";
			packageProductDependencies = (
			);
			productName = "ios-chess-clientTests";
			productReference = 59582F002FFFE6D300E604F1 /* ios-chess-clientTests.xctest */;
			productType = "com.apple.product-type.bundle.unit-test";
		};
		59582F092FFFE6D300E604F1 /* ios-chess-clientUITests */ = {
			isa = PBXNativeTarget;
			buildConfigurationList = 59582F1A2FFFE6D300E604F1 /* Build configuration list for PBXNativeTarget "ios-chess-clientUITests" */;
			buildPhases = (
				59582F062FFFE6D300E604F1 /* Sources */,
				59582F072FFFE6D300E604F1 /* Frameworks */,
				59582F082FFFE6D300E604F1 /* Resources */,
			);
			buildRules = (
			);
			dependencies = (
				59582F0C2FFFE6D300E604F1 /* PBXTargetDependency */,
			);
			fileSystemSynchronizedGroups = (
				59582F0D2FFFE6D300E604F1 /* ios-chess-clientUITests */,
			);
			name = "ios-chess-clientUITests";
			packageProductDependencies = (
				59582F272FFFE70000E604F1 /* ChessKit */,
				59582F282FFFE70000E604F1 /* ChessProtocol */,
				59582F292FFFE70000E604F1 /* ChessOnline */,
			);
			productName = "ios-chess-clientUITests";
			productReference = 59582F0A2FFFE6D300E604F1 /* ios-chess-clientUITests.xctest */;
			productType = "com.apple.product-type.bundle.ui-testing";
		};
/* End PBXNativeTarget section */

/* Begin PBXProject section */
		59582EE92FFFE6D200E604F1 /* Project object */ = {
			isa = PBXProject;
			attributes = {
				BuildIndependentTargetsInParallel = 1;
				LastSwiftUpdateCheck = 2660;
				LastUpgradeCheck = 2660;
				TargetAttributes = {
					59582EF02FFFE6D200E604F1 = {
						CreatedOnToolsVersion = 26.6;
					};
					59582EFF2FFFE6D300E604F1 = {
						CreatedOnToolsVersion = 26.6;
						TestTargetID = 59582EF02FFFE6D200E604F1;
					};
					59582F092FFFE6D300E604F1 = {
						CreatedOnToolsVersion = 26.6;
						TestTargetID = 59582EF02FFFE6D200E604F1;
					};
				};
			};
			buildConfigurationList = 59582EEC2FFFE6D200E604F1 /* Build configuration list for PBXProject "ios-chess-client" */;
			developmentRegion = en;
			hasScannedForEncodings = 0;
			knownRegions = (
				en,
				Base,
			);
			mainGroup = 59582EE82FFFE6D200E604F1;
			minimizedProjectReferenceProxies = 1;
			packageReferences = (
				59582F202FFFE70000E604F1 /* XCLocalSwiftPackageReference "../ChessKit" */,
			);
			preferredProjectObjectVersion = 77;
			productRefGroup = 59582EF22FFFE6D200E604F1 /* Products */;
			projectDirPath = "";
			projectRoot = "";
			targets = (
				59582EF02FFFE6D200E604F1 /* ios-chess-client */,
				59582EFF2FFFE6D300E604F1 /* ios-chess-clientTests */,
				59582F092FFFE6D300E604F1 /* ios-chess-clientUITests */,
			);
		};
/* End PBXProject section */

/* Begin PBXResourcesBuildPhase section */
		59582EEF2FFFE6D200E604F1 /* Resources */ = {
			isa = PBXResourcesBuildPhase;
			buildActionMask = 2147483647;
			files = (
			);
			runOnlyForDeploymentPostprocessing = 0;
		};
		59582EFE2FFFE6D300E604F1 /* Resources */ = {
			isa = PBXResourcesBuildPhase;
			buildActionMask = 2147483647;
			files = (
			);
			runOnlyForDeploymentPostprocessing = 0;
		};
		59582F082FFFE6D300E604F1 /* Resources */ = {
			isa = PBXResourcesBuildPhase;
			buildActionMask = 2147483647;
			files = (
			);
			runOnlyForDeploymentPostprocessing = 0;
		};
/* End PBXResourcesBuildPhase section */

/* Begin PBXSourcesBuildPhase section */
		59582EED2FFFE6D200E604F1 /* Sources */ = {
			isa = PBXSourcesBuildPhase;
			buildActionMask = 2147483647;
			files = (
			);
			runOnlyForDeploymentPostprocessing = 0;
		};
		59582EFC2FFFE6D300E604F1 /* Sources */ = {
			isa = PBXSourcesBuildPhase;
			buildActionMask = 2147483647;
			files = (
			);
			runOnlyForDeploymentPostprocessing = 0;
		};
		59582F062FFFE6D300E604F1 /* Sources */ = {
			isa = PBXSourcesBuildPhase;
			buildActionMask = 2147483647;
			files = (
			);
			runOnlyForDeploymentPostprocessing = 0;
		};
/* End PBXSourcesBuildPhase section */

/* Begin PBXTargetDependency section */
		59582F022FFFE6D300E604F1 /* PBXTargetDependency */ = {
			isa = PBXTargetDependency;
			target = 59582EF02FFFE6D200E604F1 /* ios-chess-client */;
			targetProxy = 59582F012FFFE6D300E604F1 /* PBXContainerItemProxy */;
		};
		59582F0C2FFFE6D300E604F1 /* PBXTargetDependency */ = {
			isa = PBXTargetDependency;
			target = 59582EF02FFFE6D200E604F1 /* ios-chess-client */;
			targetProxy = 59582F0B2FFFE6D300E604F1 /* PBXContainerItemProxy */;
		};
/* End PBXTargetDependency section */

/* Begin XCBuildConfiguration section */
		59582F122FFFE6D300E604F1 /* Debug */ = {
			isa = XCBuildConfiguration;
			buildSettings = {
				ALWAYS_SEARCH_USER_PATHS = NO;
				ASSETCATALOG_COMPILER_GENERATE_SWIFT_ASSET_SYMBOL_EXTENSIONS = YES;
				CLANG_ANALYZER_NONNULL = YES;
				CLANG_ANALYZER_NUMBER_OBJECT_CONVERSION = YES_AGGRESSIVE;
				CLANG_CXX_LANGUAGE_STANDARD = "gnu++20";
				CLANG_ENABLE_MODULES = YES;
				CLANG_ENABLE_OBJC_ARC = YES;
				CLANG_ENABLE_OBJC_WEAK = YES;
				CLANG_WARN_BLOCK_CAPTURE_AUTORELEASING = YES;
				CLANG_WARN_BOOL_CONVERSION = YES;
				CLANG_WARN_COMMA = YES;
				CLANG_WARN_CONSTANT_CONVERSION = YES;
				CLANG_WARN_DEPRECATED_OBJC_IMPLEMENTATIONS = YES;
				CLANG_WARN_DIRECT_OBJC_ISA_USAGE = YES_ERROR;
				CLANG_WARN_DOCUMENTATION_COMMENTS = YES;
				CLANG_WARN_EMPTY_BODY = YES;
				CLANG_WARN_ENUM_CONVERSION = YES;
				CLANG_WARN_INFINITE_RECURSION = YES;
				CLANG_WARN_INT_CONVERSION = YES;
				CLANG_WARN_NON_LITERAL_NULL_CONVERSION = YES;
				CLANG_WARN_OBJC_IMPLICIT_RETAIN_SELF = YES;
				CLANG_WARN_OBJC_LITERAL_CONVERSION = YES;
				CLANG_WARN_OBJC_ROOT_CLASS = YES_ERROR;
				CLANG_WARN_QUOTED_INCLUDE_IN_FRAMEWORK_HEADER = YES;
				CLANG_WARN_RANGE_LOOP_ANALYSIS = YES;
				CLANG_WARN_STRICT_PROTOTYPES = YES;
				CLANG_WARN_SUSPICIOUS_MOVE = YES;
				CLANG_WARN_UNGUARDED_AVAILABILITY = YES_AGGRESSIVE;
				CLANG_WARN_UNREACHABLE_CODE = YES;
				CLANG_WARN__DUPLICATE_METHOD_MATCH = YES;
				COPY_PHASE_STRIP = NO;
				DEBUG_INFORMATION_FORMAT = dwarf;
				DEVELOPMENT_TEAM = 5E5UZ78K96;
				ENABLE_STRICT_OBJC_MSGSEND = YES;
				ENABLE_TESTABILITY = YES;
				ENABLE_USER_SCRIPT_SANDBOXING = YES;
				GCC_C_LANGUAGE_STANDARD = gnu17;
				GCC_DYNAMIC_NO_PIC = NO;
				GCC_NO_COMMON_BLOCKS = YES;
				GCC_OPTIMIZATION_LEVEL = 0;
				GCC_PREPROCESSOR_DEFINITIONS = (
					"DEBUG=1",
					"$(inherited)",
				);
				GCC_WARN_64_TO_32_BIT_CONVERSION = YES;
				GCC_WARN_ABOUT_RETURN_TYPE = YES_ERROR;
				GCC_WARN_UNDECLARED_SELECTOR = YES;
				GCC_WARN_UNINITIALIZED_AUTOS = YES_AGGRESSIVE;
				GCC_WARN_UNUSED_FUNCTION = YES;
				GCC_WARN_UNUSED_VARIABLE = YES;
				IPHONEOS_DEPLOYMENT_TARGET = 17.0;
				LOCALIZATION_PREFERS_STRING_CATALOGS = YES;
				MTL_ENABLE_DEBUG_INFO = INCLUDE_SOURCE;
				MTL_FAST_MATH = YES;
				ONLY_ACTIVE_ARCH = YES;
				SDKROOT = iphoneos;
				SWIFT_ACTIVE_COMPILATION_CONDITIONS = "DEBUG $(inherited)";
				SWIFT_OPTIMIZATION_LEVEL = "-Onone";
			};
			name = Debug;
		};
		59582F132FFFE6D300E604F1 /* Release */ = {
			isa = XCBuildConfiguration;
			buildSettings = {
				ALWAYS_SEARCH_USER_PATHS = NO;
				ASSETCATALOG_COMPILER_GENERATE_SWIFT_ASSET_SYMBOL_EXTENSIONS = YES;
				CLANG_ANALYZER_NONNULL = YES;
				CLANG_ANALYZER_NUMBER_OBJECT_CONVERSION = YES_AGGRESSIVE;
				CLANG_CXX_LANGUAGE_STANDARD = "gnu++20";
				CLANG_ENABLE_MODULES = YES;
				CLANG_ENABLE_OBJC_ARC = YES;
				CLANG_ENABLE_OBJC_WEAK = YES;
				CLANG_WARN_BLOCK_CAPTURE_AUTORELEASING = YES;
				CLANG_WARN_BOOL_CONVERSION = YES;
				CLANG_WARN_COMMA = YES;
				CLANG_WARN_CONSTANT_CONVERSION = YES;
				CLANG_WARN_DEPRECATED_OBJC_IMPLEMENTATIONS = YES;
				CLANG_WARN_DIRECT_OBJC_ISA_USAGE = YES_ERROR;
				CLANG_WARN_DOCUMENTATION_COMMENTS = YES;
				CLANG_WARN_EMPTY_BODY = YES;
				CLANG_WARN_ENUM_CONVERSION = YES;
				CLANG_WARN_INFINITE_RECURSION = YES;
				CLANG_WARN_INT_CONVERSION = YES;
				CLANG_WARN_NON_LITERAL_NULL_CONVERSION = YES;
				CLANG_WARN_OBJC_IMPLICIT_RETAIN_SELF = YES;
				CLANG_WARN_OBJC_LITERAL_CONVERSION = YES;
				CLANG_WARN_OBJC_ROOT_CLASS = YES_ERROR;
				CLANG_WARN_QUOTED_INCLUDE_IN_FRAMEWORK_HEADER = YES;
				CLANG_WARN_RANGE_LOOP_ANALYSIS = YES;
				CLANG_WARN_STRICT_PROTOTYPES = YES;
				CLANG_WARN_SUSPICIOUS_MOVE = YES;
				CLANG_WARN_UNGUARDED_AVAILABILITY = YES_AGGRESSIVE;
				CLANG_WARN_UNREACHABLE_CODE = YES;
				CLANG_WARN__DUPLICATE_METHOD_MATCH = YES;
				COPY_PHASE_STRIP = NO;
				DEBUG_INFORMATION_FORMAT = "dwarf-with-dsym";
				DEVELOPMENT_TEAM = 5E5UZ78K96;
				ENABLE_NS_ASSERTIONS = NO;
				ENABLE_STRICT_OBJC_MSGSEND = YES;
				ENABLE_USER_SCRIPT_SANDBOXING = YES;
				GCC_C_LANGUAGE_STANDARD = gnu17;
				GCC_NO_COMMON_BLOCKS = YES;
				GCC_WARN_64_TO_32_BIT_CONVERSION = YES;
				GCC_WARN_ABOUT_RETURN_TYPE = YES_ERROR;
				GCC_WARN_UNDECLARED_SELECTOR = YES;
				GCC_WARN_UNINITIALIZED_AUTOS = YES_AGGRESSIVE;
				GCC_WARN_UNUSED_FUNCTION = YES;
				GCC_WARN_UNUSED_VARIABLE = YES;
				IPHONEOS_DEPLOYMENT_TARGET = 17.0;
				LOCALIZATION_PREFERS_STRING_CATALOGS = YES;
				MTL_ENABLE_DEBUG_INFO = NO;
				MTL_FAST_MATH = YES;
				SDKROOT = iphoneos;
				SWIFT_COMPILATION_MODE = wholemodule;
				VALIDATE_PRODUCT = YES;
			};
			name = Release;
		};
		59582F152FFFE6D300E604F1 /* Debug */ = {
			isa = XCBuildConfiguration;
			buildSettings = {
				ASSETCATALOG_COMPILER_APPICON_NAME = AppIcon;
				ASSETCATALOG_COMPILER_GLOBAL_ACCENT_COLOR_NAME = AccentColor;
				CODE_SIGN_STYLE = Automatic;
				CURRENT_PROJECT_VERSION = 1;
				DEVELOPMENT_TEAM = 5E5UZ78K96;
				ENABLE_PREVIEWS = YES;
				GENERATE_INFOPLIST_FILE = YES;
				INFOPLIST_KEY_UIApplicationSceneManifest_Generation = YES;
				INFOPLIST_KEY_UIApplicationSupportsIndirectInputEvents = YES;
				CODE_SIGN_ENTITLEMENTS = "ios-chess-client/ios_chess_client.entitlements";
				INFOPLIST_KEY_CFBundleDisplayName = MateMate;
				INFOPLIST_KEY_UILaunchScreen_Generation = YES;
				INFOPLIST_KEY_UISupportedInterfaceOrientations_iPad = "UIInterfaceOrientationPortrait UIInterfaceOrientationPortraitUpsideDown UIInterfaceOrientationLandscapeLeft UIInterfaceOrientationLandscapeRight";
				INFOPLIST_KEY_UISupportedInterfaceOrientations_iPhone = "UIInterfaceOrientationPortrait UIInterfaceOrientationLandscapeLeft UIInterfaceOrientationLandscapeRight";
				LD_RUNPATH_SEARCH_PATHS = (
					"$(inherited)",
					"@executable_path/Frameworks",
				);
				MARKETING_VERSION = 1.0;
				PRODUCT_BUNDLE_IDENTIFIER = "private.ios-chess-client";
				PRODUCT_NAME = "$(TARGET_NAME)";
				STRING_CATALOG_GENERATE_SYMBOLS = YES;
				SWIFT_APPROACHABLE_CONCURRENCY = YES;
				SWIFT_DEFAULT_ACTOR_ISOLATION = MainActor;
				SWIFT_EMIT_LOC_STRINGS = YES;
				SWIFT_UPCOMING_FEATURE_MEMBER_IMPORT_VISIBILITY = YES;
				SWIFT_VERSION = 6.0;
				TARGETED_DEVICE_FAMILY = "1,2";
			};
			name = Debug;
		};
		59582F162FFFE6D300E604F1 /* Release */ = {
			isa = XCBuildConfiguration;
			buildSettings = {
				ASSETCATALOG_COMPILER_APPICON_NAME = AppIcon;
				ASSETCATALOG_COMPILER_GLOBAL_ACCENT_COLOR_NAME = AccentColor;
				CODE_SIGN_STYLE = Automatic;
				CURRENT_PROJECT_VERSION = 1;
				DEVELOPMENT_TEAM = 5E5UZ78K96;
				ENABLE_PREVIEWS = YES;
				GENERATE_INFOPLIST_FILE = YES;
				INFOPLIST_KEY_UIApplicationSceneManifest_Generation = YES;
				INFOPLIST_KEY_UIApplicationSupportsIndirectInputEvents = YES;
				CODE_SIGN_ENTITLEMENTS = "ios-chess-client/ios_chess_client.entitlements";
				INFOPLIST_KEY_CFBundleDisplayName = MateMate;
				INFOPLIST_KEY_UILaunchScreen_Generation = YES;
				INFOPLIST_KEY_UISupportedInterfaceOrientations_iPad = "UIInterfaceOrientationPortrait UIInterfaceOrientationPortraitUpsideDown UIInterfaceOrientationLandscapeLeft UIInterfaceOrientationLandscapeRight";
				INFOPLIST_KEY_UISupportedInterfaceOrientations_iPhone = "UIInterfaceOrientationPortrait UIInterfaceOrientationLandscapeLeft UIInterfaceOrientationLandscapeRight";
				LD_RUNPATH_SEARCH_PATHS = (
					"$(inherited)",
					"@executable_path/Frameworks",
				);
				MARKETING_VERSION = 1.0;
				PRODUCT_BUNDLE_IDENTIFIER = "private.ios-chess-client";
				PRODUCT_NAME = "$(TARGET_NAME)";
				STRING_CATALOG_GENERATE_SYMBOLS = YES;
				SWIFT_APPROACHABLE_CONCURRENCY = YES;
				SWIFT_DEFAULT_ACTOR_ISOLATION = MainActor;
				SWIFT_EMIT_LOC_STRINGS = YES;
				SWIFT_UPCOMING_FEATURE_MEMBER_IMPORT_VISIBILITY = YES;
				SWIFT_VERSION = 6.0;
				TARGETED_DEVICE_FAMILY = "1,2";
			};
			name = Release;
		};
		59582F182FFFE6D300E604F1 /* Debug */ = {
			isa = XCBuildConfiguration;
			buildSettings = {
				BUNDLE_LOADER = "$(TEST_HOST)";
				CODE_SIGN_STYLE = Automatic;
				CURRENT_PROJECT_VERSION = 1;
				DEVELOPMENT_TEAM = 5E5UZ78K96;
				GENERATE_INFOPLIST_FILE = YES;
				IPHONEOS_DEPLOYMENT_TARGET = 17.0;
				MARKETING_VERSION = 1.0;
				PRODUCT_BUNDLE_IDENTIFIER = "private.ios-chess-clientTests";
				PRODUCT_NAME = "$(TARGET_NAME)";
				STRING_CATALOG_GENERATE_SYMBOLS = NO;
				SWIFT_APPROACHABLE_CONCURRENCY = YES;
				SWIFT_EMIT_LOC_STRINGS = NO;
				SWIFT_UPCOMING_FEATURE_MEMBER_IMPORT_VISIBILITY = YES;
				SWIFT_VERSION = 6.0;
				TARGETED_DEVICE_FAMILY = "1,2";
				TEST_HOST = "$(BUILT_PRODUCTS_DIR)/ios-chess-client.app/$(BUNDLE_EXECUTABLE_FOLDER_PATH)/ios-chess-client";
			};
			name = Debug;
		};
		59582F192FFFE6D300E604F1 /* Release */ = {
			isa = XCBuildConfiguration;
			buildSettings = {
				BUNDLE_LOADER = "$(TEST_HOST)";
				CODE_SIGN_STYLE = Automatic;
				CURRENT_PROJECT_VERSION = 1;
				DEVELOPMENT_TEAM = 5E5UZ78K96;
				GENERATE_INFOPLIST_FILE = YES;
				IPHONEOS_DEPLOYMENT_TARGET = 17.0;
				MARKETING_VERSION = 1.0;
				PRODUCT_BUNDLE_IDENTIFIER = "private.ios-chess-clientTests";
				PRODUCT_NAME = "$(TARGET_NAME)";
				STRING_CATALOG_GENERATE_SYMBOLS = NO;
				SWIFT_APPROACHABLE_CONCURRENCY = YES;
				SWIFT_EMIT_LOC_STRINGS = NO;
				SWIFT_UPCOMING_FEATURE_MEMBER_IMPORT_VISIBILITY = YES;
				SWIFT_VERSION = 6.0;
				TARGETED_DEVICE_FAMILY = "1,2";
				TEST_HOST = "$(BUILT_PRODUCTS_DIR)/ios-chess-client.app/$(BUNDLE_EXECUTABLE_FOLDER_PATH)/ios-chess-client";
			};
			name = Release;
		};
		59582F1B2FFFE6D300E604F1 /* Debug */ = {
			isa = XCBuildConfiguration;
			buildSettings = {
				CODE_SIGN_STYLE = Automatic;
				CURRENT_PROJECT_VERSION = 1;
				DEVELOPMENT_TEAM = 5E5UZ78K96;
				GENERATE_INFOPLIST_FILE = YES;
				MARKETING_VERSION = 1.0;
				PRODUCT_BUNDLE_IDENTIFIER = "private.ios-chess-clientUITests";
				PRODUCT_NAME = "$(TARGET_NAME)";
				STRING_CATALOG_GENERATE_SYMBOLS = NO;
				SWIFT_APPROACHABLE_CONCURRENCY = YES;
				SWIFT_EMIT_LOC_STRINGS = NO;
				SWIFT_UPCOMING_FEATURE_MEMBER_IMPORT_VISIBILITY = YES;
				SWIFT_VERSION = 6.0;
				TARGETED_DEVICE_FAMILY = "1,2";
				TEST_TARGET_NAME = "ios-chess-client";
			};
			name = Debug;
		};
		59582F1C2FFFE6D300E604F1 /* Release */ = {
			isa = XCBuildConfiguration;
			buildSettings = {
				CODE_SIGN_STYLE = Automatic;
				CURRENT_PROJECT_VERSION = 1;
				DEVELOPMENT_TEAM = 5E5UZ78K96;
				GENERATE_INFOPLIST_FILE = YES;
				MARKETING_VERSION = 1.0;
				PRODUCT_BUNDLE_IDENTIFIER = "private.ios-chess-clientUITests";
				PRODUCT_NAME = "$(TARGET_NAME)";
				STRING_CATALOG_GENERATE_SYMBOLS = NO;
				SWIFT_APPROACHABLE_CONCURRENCY = YES;
				SWIFT_EMIT_LOC_STRINGS = NO;
				SWIFT_UPCOMING_FEATURE_MEMBER_IMPORT_VISIBILITY = YES;
				SWIFT_VERSION = 6.0;
				TARGETED_DEVICE_FAMILY = "1,2";
				TEST_TARGET_NAME = "ios-chess-client";
			};
			name = Release;
		};
/* End XCBuildConfiguration section */

/* Begin XCConfigurationList section */
		59582EEC2FFFE6D200E604F1 /* Build configuration list for PBXProject "ios-chess-client" */ = {
			isa = XCConfigurationList;
			buildConfigurations = (
				59582F122FFFE6D300E604F1 /* Debug */,
				59582F132FFFE6D300E604F1 /* Release */,
			);
			defaultConfigurationIsVisible = 0;
			defaultConfigurationName = Release;
		};
		59582F142FFFE6D300E604F1 /* Build configuration list for PBXNativeTarget "ios-chess-client" */ = {
			isa = XCConfigurationList;
			buildConfigurations = (
				59582F152FFFE6D300E604F1 /* Debug */,
				59582F162FFFE6D300E604F1 /* Release */,
			);
			defaultConfigurationIsVisible = 0;
			defaultConfigurationName = Release;
		};
		59582F172FFFE6D300E604F1 /* Build configuration list for PBXNativeTarget "ios-chess-clientTests" */ = {
			isa = XCConfigurationList;
			buildConfigurations = (
				59582F182FFFE6D300E604F1 /* Debug */,
				59582F192FFFE6D300E604F1 /* Release */,
			);
			defaultConfigurationIsVisible = 0;
			defaultConfigurationName = Release;
		};
		59582F1A2FFFE6D300E604F1 /* Build configuration list for PBXNativeTarget "ios-chess-clientUITests" */ = {
			isa = XCConfigurationList;
			buildConfigurations = (
				59582F1B2FFFE6D300E604F1 /* Debug */,
				59582F1C2FFFE6D300E604F1 /* Release */,
			);
			defaultConfigurationIsVisible = 0;
			defaultConfigurationName = Release;
		};
/* End XCConfigurationList section */

/* Begin XCLocalSwiftPackageReference section */
		59582F202FFFE70000E604F1 /* XCLocalSwiftPackageReference "../ChessKit" */ = {
			isa = XCLocalSwiftPackageReference;
			relativePath = ../ChessKit;
		};
/* End XCLocalSwiftPackageReference section */

/* Begin XCSwiftPackageProductDependency section */
		59582F212FFFE70000E604F1 /* ChessKit */ = {
			isa = XCSwiftPackageProductDependency;
			productName = ChessKit;
		};
		59582F222FFFE70000E604F1 /* ChessProtocol */ = {
			isa = XCSwiftPackageProductDependency;
			productName = ChessProtocol;
		};
		59582F252FFFE70000E604F1 /* ChessOnline */ = {
			isa = XCSwiftPackageProductDependency;
			productName = ChessOnline;
		};
		59582F272FFFE70000E604F1 /* ChessKit */ = {
			isa = XCSwiftPackageProductDependency;
			productName = ChessKit;
		};
		59582F282FFFE70000E604F1 /* ChessProtocol */ = {
			isa = XCSwiftPackageProductDependency;
			productName = ChessProtocol;
		};
		59582F292FFFE70000E604F1 /* ChessOnline */ = {
			isa = XCSwiftPackageProductDependency;
			productName = ChessOnline;
		};
/* End XCSwiftPackageProductDependency section */
	};
	rootObject = 59582EE92FFFE6D200E604F1 /* Project object */;
}
